
Microsoft Visual Studio Solution File, Format Version 12.00
# Visual Studio Version 17
VisualStudioVersion = 17.2.32616.157
MinimumVisualStudioVersion = 10.0.40219.1
Project("{FAE04EC0-301F-11D3-BF4B-00C04F79EFBC}") = "XamarinDllDecompressor", "XamarinDllDecompressor\XamarinDllDecompressor.csproj", "{0588AE90-EEA9-41B4-8DEB-4CFA58CC3605}"
EndProject
Global
	GlobalSection(SolutionConfigurationPlatforms) = preSolution
		Debug|Any CPU = Debug|Any CPU
		Release|Any CPU = Release|Any CPU
	EndGlobalSection
	GlobalSection(ProjectConfigurationPlatforms) = postSolution
		{0588AE90-EEA9-41B4-8DEB-4CFA58CC3605}.Debug|Any CPU.ActiveCfg = Debug|Any CPU
		{0588AE90-EEA9-41B4-8DEB-4CFA58CC3605}.Debug|Any CPU.Build.0 = Debug|Any CPU
		{0588AE90-EEA9-41B4-8DEB-4CFA58CC3605}.Release|Any CPU.ActiveCfg = Release|Any CPU
		{0588AE90-EEA9-41B4-8DEB-4CFA58CC3605}.Release|Any CPU.Build.0 = Release|Any CPU
	EndGlobalSection
	GlobalSection(SolutionProperties) = preSolution
		HideSolutionNode = FALSE
	EndGlobalSection
	GlobalSection(ExtensibilityGlobals) = postSolution
		SolutionGuid = {8616A851-198F-45EA-A73D-DD17170EC56E}
	EndGlobalSection
EndGlobal
